
Microsoft Visual Studio Solution File, Format Version 12.00
# Visual Studio 2012
Project("{8BC9CEB8-8B4A-11D0-8D11-00A0C91BC942}") = "GitHub_C++_Project_1", "GitHub_C++_Project_1\GitHub_C++_Project_1.vcxproj", "{4223293F-7C79-47D2-BC03-5DF7ECD703F4}"
EndProject
Global
	GlobalSection(SolutionConfigurationPlatforms) = preSolution
		Debug|Win32 = Debug|Win32
		Release|Win32 = Release|Win32
	EndGlobalSection
	GlobalSection(ProjectConfigurationPlatforms) = postSolution
		{4223293F-7C79-47D2-BC03-5DF7ECD703F4}.Debug|Win32.ActiveCfg = Debug|Win32
		{4223293F-7C79-47D2-BC03-5DF7ECD703F4}.Debug|Win32.Build.0 = Debug|Win32
		{4223293F-7C79-47D2-BC03-5DF7ECD703F4}.Release|Win32.ActiveCfg = Release|Win32
		{4223293F-7C79-47D2-BC03-5DF7ECD703F4}.Release|Win32.Build.0 = Release|Win32
	EndGlobalSection
	GlobalSection(SolutionProperties) = preSolution
		HideSolutionNode = FALSE
	EndGlobalSection
EndGlobal
